
Microsoft Visual Studio Solution File, Format Version 12.00
# Visual Studio Version 17
VisualStudioVersion = 17.6.33723.286
MinimumVisualStudioVersion = 10.0.40219.1
Project("{9A19103F-16F7-4668-BE54-9A1E7A4F7556}") = "RJCP.Core.CommandLine", "code\RJCP.Core.CommandLine.csproj", "{9465BCE9-E1FE-4432-8BB1-5369B9A0D2A2}"
EndProject
Project("{2150E333-8FDC-42A3-9474-1A3956D46DE8}") = "Test", "Test", "{6F0D1D4B-FCA6-49B4-AACB-3A5EB3E243B5}"
EndProject
Project("{9A19103F-16F7-4668-BE54-9A1E7A4F7556}") = "RJCP.Core.CommandLineTest", "test\RJCP.Core.CommandLineTest.csproj", "{4F354EC3-A25B-48B6-B085-F796231DCD22}"
EndProject
Project("{9A19103F-16F7-4668-BE54-9A1E7A4F7556}") = "RJCP.Core.CommandLineTest.Legacy", "test\RJCP.Core.CommandLineTest.Legacy.csproj", "{89A63166-E2FC-4691-B5A1-3EAB0D31CED9}"
EndProject
Global
	GlobalSection(SolutionConfigurationPlatforms) = preSolution
		Debug|Any CPU = Debug|Any CPU
		Release|Any CPU = Release|Any CPU
	EndGlobalSection
	GlobalSection(ProjectConfigurationPlatforms) = postSolution
		{9465BCE9-E1FE-4432-8BB1-5369B9A0D2A2}.Debug|Any CPU.ActiveCfg = Debug|Any CPU
		{9465BCE9-E1FE-4432-8BB1-5369B9A0D2A2}.Debug|Any CPU.Build.0 = Debug|Any CPU
		{9465BCE9-E1FE-4432-8BB1-5369B9A0D2A2}.Release|Any CPU.ActiveCfg = Release|Any CPU
		{9465BCE9-E1FE-4432-8BB1-5369B9A0D2A2}.Release|Any CPU.Build.0 = Release|Any CPU
		{4F354EC3-A25B-48B6-B085-F796231DCD22}.Debug|Any CPU.ActiveCfg = Debug|Any CPU
		{4F354EC3-A25B-48B6-B085-F796231DCD22}.Debug|Any CPU.Build.0 = Debug|Any CPU
		{4F354EC3-A25B-48B6-B085-F796231DCD22}.Release|Any CPU.ActiveCfg = Release|Any CPU
		{4F354EC3-A25B-48B6-B085-F796231DCD22}.Release|Any CPU.Build.0 = Release|Any CPU
		{89A63166-E2FC-4691-B5A1-3EAB0D31CED9}.Debug|Any CPU.ActiveCfg = Debug|Any CPU
		{89A63166-E2FC-4691-B5A1-3EAB0D31CED9}.Debug|Any CPU.Build.0 = Debug|Any CPU
		{89A63166-E2FC-4691-B5A1-3EAB0D31CED9}.Release|Any CPU.ActiveCfg = Release|Any CPU
		{89A63166-E2FC-4691-B5A1-3EAB0D31CED9}.Release|Any CPU.Build.0 = Release|Any CPU
	EndGlobalSection
	GlobalSection(SolutionProperties) = preSolution
		HideSolutionNode = FALSE
	EndGlobalSection
	GlobalSection(NestedProjects) = preSolution
		{4F354EC3-A25B-48B6-B085-F796231DCD22} = {6F0D1D4B-FCA6-49B4-AACB-3A5EB3E243B5}
		{89A63166-E2FC-4691-B5A1-3EAB0D31CED9} = {6F0D1D4B-FCA6-49B4-AACB-3A5EB3E243B5}
	EndGlobalSection
EndGlobal
